
Microsoft Visual Studio Solution File, Format Version 12.00
# Visual Studio 2017
Project("{FAE04EC0-301F-11D3-BF4B-00C04F79EFBC}") = "Vault Delver V2", "Vault Delver V2.csproj", "{83A90C9B-A708-AA77-B8F4-2359930694F2}"
EndProject
Project("{FAE04EC0-301F-11D3-BF4B-00C04F79EFBC}") = "Vault Delver V2.Editor", "Vault Delver V2.Editor.csproj", "{B799DB6B-DEA6-CA7F-FD6F-52720DE87078}"
EndProject
Global
	GlobalSection(SolutionConfigurationPlatforms) = preSolution
		Debug|Any CPU = Debug|Any CPU
		Release|Any CPU = Release|Any CPU
	EndGlobalSection
	GlobalSection(ProjectConfigurationPlatforms) = postSolution
		{83A90C9B-A708-AA77-B8F4-2359930694F2}.Debug|Any CPU.ActiveCfg = Debug|Any CPU
		{83A90C9B-A708-AA77-B8F4-2359930694F2}.Debug|Any CPU.Build.0 = Debug|Any CPU
		{83A90C9B-A708-AA77-B8F4-2359930694F2}.Release|Any CPU.ActiveCfg = Release|Any CPU
		{83A90C9B-A708-AA77-B8F4-2359930694F2}.Release|Any CPU.Build.0 = Release|Any CPU
		{B799DB6B-DEA6-CA7F-FD6F-52720DE87078}.Debug|Any CPU.ActiveCfg = Debug|Any CPU
		{B799DB6B-DEA6-CA7F-FD6F-52720DE87078}.Debug|Any CPU.Build.0 = Debug|Any CPU
		{B799DB6B-DEA6-CA7F-FD6F-52720DE87078}.Release|Any CPU.ActiveCfg = Release|Any CPU
		{B799DB6B-DEA6-CA7F-FD6F-52720DE87078}.Release|Any CPU.Build.0 = Release|Any CPU
	EndGlobalSection
	GlobalSection(SolutionProperties) = preSolution
		HideSolutionNode = FALSE
	EndGlobalSection
EndGlobal
